// !$*UTF8*$!
{
	archiveVersion = 1;
	classes = {
	};
	objectVersion = 56;
	objects = {

/* Begin PBXBuildFile section */
		6212518C2BC2CFAC002F16E2 /* RecentlyFilmsCollectionViewCell.swift in Sources */ = {isa = PBXBuildFile; fileRef = 621251822BC2CFAC002F16E2 /* RecentlyFilmsCollectionViewCell.swift */; };
		6212518D2BC2CFAC002F16E2 /* ProfileView.swift in Sources */ = {isa = PBXBuildFile; fileRef = 621251832BC2CFAC002F16E2 /* ProfileView.swift */; };
		6212518E2BC2CFAC002F16E2 /* ProfilesMoviewsDataManager.swift in Sources */ = {isa = PBXBuildFile; fileRef = 621251852BC2CFAC002F16E2 /* ProfilesMoviewsDataManager.swift */; };
		6212518F2BC2CFAC002F16E2 /* Movie.swift in Sources */ = {isa = PBXBuildFile; fileRef = 621251872BC2CFAC002F16E2 /* Movie.swift */; };
		621251902BC2CFAC002F16E2 /* ProfileViewController.swift in Sources */ = {isa = PBXBuildFile; fileRef = 621251882BC2CFAC002F16E2 /* ProfileViewController.swift */; };
		621251912BC2CFAC002F16E2 /* ProfileAPIManager.swift in Sources */ = {isa = PBXBuildFile; fileRef = 6212518A2BC2CFAC002F16E2 /* ProfileAPIManager.swift */; };
		621251922BC2CFAC002F16E2 /* ProfileViewModel.swift in Sources */ = {isa = PBXBuildFile; fileRef = 6212518B2BC2CFAC002F16E2 /* ProfileViewModel.swift */; };
		621251952BC2D0A1002F16E2 /* SwiftyJSON in Frameworks */ = {isa = PBXBuildFile; productRef = 621251942BC2D0A1002F16E2 /* SwiftyJSON */; };
		621251982BC2D0D2002F16E2 /* SnapKit in Frameworks */ = {isa = PBXBuildFile; productRef = 621251972BC2D0D2002F16E2 /* SnapKit */; };
		6212519A2BC2D0D2002F16E2 /* SnapKit-Dynamic in Frameworks */ = {isa = PBXBuildFile; productRef = 621251992BC2D0D2002F16E2 /* SnapKit-Dynamic */; };
		6212519D2BC2D0F0002F16E2 /* Alamofire in Frameworks */ = {isa = PBXBuildFile; productRef = 6212519C2BC2D0F0002F16E2 /* Alamofire */; };
		6212519F2BC2D0F0002F16E2 /* AlamofireDynamic in Frameworks */ = {isa = PBXBuildFile; productRef = 6212519E2BC2D0F0002F16E2 /* AlamofireDynamic */; };
		621251A22BC2D102002F16E2 /* Kingfisher in Frameworks */ = {isa = PBXBuildFile; productRef = 621251A12BC2D102002F16E2 /* Kingfisher */; };
		621251B02BC2D174002F16E2 /* MainScreenAssembly.swift in Sources */ = {isa = PBXBuildFile; fileRef = 621251A42BC2D174002F16E2 /* MainScreenAssembly.swift */; };
		621251B12BC2D174002F16E2 /* RoundImageView.swift in Sources */ = {isa = PBXBuildFile; fileRef = 621251A52BC2D174002F16E2 /* RoundImageView.swift */; };
		621251B32BC2D174002F16E2 /* FilmsAPIManager.swift in Sources */ = {isa = PBXBuildFile; fileRef = 621251A72BC2D174002F16E2 /* FilmsAPIManager.swift */; };
		621251B42BC2D174002F16E2 /* CategoriesCollectionViewCell.swift in Sources */ = {isa = PBXBuildFile; fileRef = 621251A82BC2D174002F16E2 /* CategoriesCollectionViewCell.swift */; };
		621251B52BC2D174002F16E2 /* CategoryCellModel.swift in Sources */ = {isa = PBXBuildFile; fileRef = 621251A92BC2D174002F16E2 /* CategoryCellModel.swift */; };
		621251B62BC2D174002F16E2 /* MainViewController.swift in Sources */ = {isa = PBXBuildFile; fileRef = 621251AA2BC2D174002F16E2 /* MainViewController.swift */; };
		621251B72BC2D174002F16E2 /* KinoPoiskAPIManager.swift in Sources */ = {isa = PBXBuildFile; fileRef = 621251AB2BC2D174002F16E2 /* KinoPoiskAPIManager.swift */; };
		621251B82BC2D174002F16E2 /* ReviewView.swift in Sources */ = {isa = PBXBuildFile; fileRef = 621251AC2BC2D174002F16E2 /* ReviewView.swift */; };
		621251B92BC2D174002F16E2 /* MainViewModel.swift in Sources */ = {isa = PBXBuildFile; fileRef = 621251AD2BC2D174002F16E2 /* MainViewModel.swift */; };
		621251BA2BC2D174002F16E2 /* MainView.swift in Sources */ = {isa = PBXBuildFile; fileRef = 621251AE2BC2D174002F16E2 /* MainView.swift */; };
		621251BB2BC2D174002F16E2 /* Review.swift in Sources */ = {isa = PBXBuildFile; fileRef = 621251AF2BC2D174002F16E2 /* Review.swift */; };
		6212521D2BC481C3002F16E2 /* ProfileScreenTests.swift in Sources */ = {isa = PBXBuildFile; fileRef = 6212521C2BC481C3002F16E2 /* ProfileScreenTests.swift */; };
		621252242BC4913C002F16E2 /* Exception.swift in Sources */ = {isa = PBXBuildFile; fileRef = 621252232BC4913C002F16E2 /* Exception.swift */; };
		621252592BC49E99002F16E2 /* ProfileUITests.swift in Sources */ = {isa = PBXBuildFile; fileRef = 621252582BC49E99002F16E2 /* ProfileUITests.swift */; };
		6212525B2BC49E99002F16E2 /* ProfileUITestsLaunchTests.swift in Sources */ = {isa = PBXBuildFile; fileRef = 6212525A2BC49E99002F16E2 /* ProfileUITestsLaunchTests.swift */; };
		621252682BC4AE54002F16E2 /* SnapshotTesting in Frameworks */ = {isa = PBXBuildFile; productRef = 621252672BC4AE54002F16E2 /* SnapshotTesting */; };
		6212526A2BC4AE83002F16E2 /* ProfileViewSnapshotTests.swift in Sources */ = {isa = PBXBuildFile; fileRef = 621252692BC4AE83002F16E2 /* ProfileViewSnapshotTests.swift */; };
		6215BB172BC2BCE200D12C25 /* AppDelegate.swift in Sources */ = {isa = PBXBuildFile; fileRef = 6215BB162BC2BCE200D12C25 /* AppDelegate.swift */; };
		6215BB192BC2BCE200D12C25 /* SceneDelegate.swift in Sources */ = {isa = PBXBuildFile; fileRef = 6215BB182BC2BCE200D12C25 /* SceneDelegate.swift */; };
		6215BB212BC2BCE200D12C25 /* FilmHub_IOS_HW.xcdatamodeld in Sources */ = {isa = PBXBuildFile; fileRef = 6215BB1F2BC2BCE200D12C25 /* FilmHub_IOS_HW.xcdatamodeld */; };
		6215BB232BC2BCE400D12C25 /* Assets.xcassets in Resources */ = {isa = PBXBuildFile; fileRef = 6215BB222BC2BCE400D12C25 /* Assets.xcassets */; };
		6215BB262BC2BCE400D12C25 /* LaunchScreen.storyboard in Resources */ = {isa = PBXBuildFile; fileRef = 6215BB242BC2BCE400D12C25 /* LaunchScreen.storyboard */; };
		6215BB312BC2BEBE00D12C25 /* TabBarViewController.swift in Sources */ = {isa = PBXBuildFile; fileRef = 6215BB302BC2BEBE00D12C25 /* TabBarViewController.swift */; };
		6215BB332BC2BEE900D12C25 /* BaseViewController.swift in Sources */ = {isa = PBXBuildFile; fileRef = 6215BB322BC2BEE900D12C25 /* BaseViewController.swift */; };
		6215BB352BC2BF2500D12C25 /* NavbarViewController.swift in Sources */ = {isa = PBXBuildFile; fileRef = 6215BB342BC2BF2500D12C25 /* NavbarViewController.swift */; };
		6215BB382BC2BF6500D12C25 /* UIColor + ext.swift in Sources */ = {isa = PBXBuildFile; fileRef = 6215BB372BC2BF6500D12C25 /* UIColor + ext.swift */; };
		6215BB3B2BC2BF9200D12C25 /* StarsBuilder.swift in Sources */ = {isa = PBXBuildFile; fileRef = 6215BB3A2BC2BF9200D12C25 /* StarsBuilder.swift */; };
		6215BB3D2BC2BFA400D12C25 /* SeeAllButton.swift in Sources */ = {isa = PBXBuildFile; fileRef = 6215BB3C2BC2BFA400D12C25 /* SeeAllButton.swift */; };
		6215BB3F2BC2BFAE00D12C25 /* MainUsersInfoSVBuilder.swift in Sources */ = {isa = PBXBuildFile; fileRef = 6215BB3E2BC2BFAE00D12C25 /* MainUsersInfoSVBuilder.swift */; };
		6215BB412BC2BFC600D12C25 /* Resources.swift in Sources */ = {isa = PBXBuildFile; fileRef = 6215BB402BC2BFC600D12C25 /* Resources.swift */; };
		626B8C0B2BC52FA300ADBC6B /* test_Profile_Screen_In_Iphone_SE.1.png in Resources */ = {isa = PBXBuildFile; fileRef = 626B8C092BC52FA300ADBC6B /* test_Profile_Screen_In_Iphone_SE.1.png */; };
		626B8C0C2BC52FA300ADBC6B /* test_Profile_Screen_In_Ipad.1.png in Resources */ = {isa = PBXBuildFile; fileRef = 626B8C0A2BC52FA300ADBC6B /* test_Profile_Screen_In_Ipad.1.png */; };
		62EF9C6A2BC2C30700E983C8 /* MovieScreenViewController.swift in Sources */ = {isa = PBXBuildFile; fileRef = 62EF9C5F2BC2C30700E983C8 /* MovieScreenViewController.swift */; };
		62EF9C6B2BC2C30700E983C8 /* RateTheFilmViewController.swift in Sources */ = {isa = PBXBuildFile; fileRef = 62EF9C612BC2C30700E983C8 /* RateTheFilmViewController.swift */; };
		62EF9C6C2BC2C30700E983C8 /* RateTheFilmViewModel.swift in Sources */ = {isa = PBXBuildFile; fileRef = 62EF9C622BC2C30700E983C8 /* RateTheFilmViewModel.swift */; };
		62EF9C6D2BC2C30700E983C8 /* RateTheFilmView.swift in Sources */ = {isa = PBXBuildFile; fileRef = 62EF9C632BC2C30700E983C8 /* RateTheFilmView.swift */; };
		62EF9C6E2BC2C30700E983C8 /* MovieScreenView.swift in Sources */ = {isa = PBXBuildFile; fileRef = 62EF9C642BC2C30700E983C8 /* MovieScreenView.swift */; };
		62EF9C6F2BC2C30700E983C8 /* MovieDetailsViewController.swift in Sources */ = {isa = PBXBuildFile; fileRef = 62EF9C662BC2C30700E983C8 /* MovieDetailsViewController.swift */; };
		62EF9C702BC2C30700E983C8 /* MovieDetailsViewModel.swift in Sources */ = {isa = PBXBuildFile; fileRef = 62EF9C672BC2C30700E983C8 /* MovieDetailsViewModel.swift */; };
		62EF9C712BC2C30700E983C8 /* MovieDetailsView.swift in Sources */ = {isa = PBXBuildFile; fileRef = 62EF9C682BC2C30700E983C8 /* MovieDetailsView.swift */; };
		62EF9C722BC2C30700E983C8 /* MovieScreenViewModel.swift in Sources */ = {isa = PBXBuildFile; fileRef = 62EF9C692BC2C30700E983C8 /* MovieScreenViewModel.swift */; };
/* End PBXBuildFile section */

/* Begin PBXContainerItemProxy section */
		6212521E2BC481C3002F16E2 /* PBXContainerItemProxy */ = {
			isa = PBXContainerItemProxy;
			containerPortal = 6215BB0B2BC2BCE200D12C25 /* Project object */;
			proxyType = 1;
			remoteGlobalIDString = 6215BB122BC2BCE200D12C25;
			remoteInfo = FilmHub_IOS_HW;
		};
		6212525C2BC49E99002F16E2 /* PBXContainerItemProxy */ = {
			isa = PBXContainerItemProxy;
			containerPortal = 6215BB0B2BC2BCE200D12C25 /* Project object */;
			proxyType = 1;
			remoteGlobalIDString = 6215BB122BC2BCE200D12C25;
			remoteInfo = FilmHub_IOS_HW;
		};
/* End PBXContainerItemProxy section */

/* Begin PBXFileReference section */
		621251822BC2CFAC002F16E2 /* RecentlyFilmsCollectionViewCell.swift */ = {isa = PBXFileReference; fileEncoding = 4; lastKnownFileType = sourcecode.swift; path = RecentlyFilmsCollectionViewCell.swift; sourceTree = "<group>"; };
		621251832BC2CFAC002F16E2 /* ProfileView.swift */ = {isa = PBXFileReference; fileEncoding = 4; lastKnownFileType = sourcecode.swift; path = ProfileView.swift; sourceTree = "<group>"; };
		621251852BC2CFAC002F16E2 /* ProfilesMoviewsDataManager.swift */ = {isa = PBXFileReference; fileEncoding = 4; lastKnownFileType = sourcecode.swift; path = ProfilesMoviewsDataManager.swift; sourceTree = "<group>"; };
		621251872BC2CFAC002F16E2 /* Movie.swift */ = {isa = PBXFileReference; fileEncoding = 4; lastKnownFileType = sourcecode.swift; path = Movie.swift; sourceTree = "<group>"; };
		621251882BC2CFAC002F16E2 /* ProfileViewController.swift */ = {isa = PBXFileReference; fileEncoding = 4; lastKnownFileType = sourcecode.swift; path = ProfileViewController.swift; sourceTree = "<group>"; };
		6212518A2BC2CFAC002F16E2 /* ProfileAPIManager.swift */ = {isa = PBXFileReference; fileEncoding = 4; lastKnownFileType = sourcecode.swift; path = ProfileAPIManager.swift; sourceTree = "<group>"; };
		6212518B2BC2CFAC002F16E2 /* ProfileViewModel.swift */ = {isa = PBXFileReference; fileEncoding = 4; lastKnownFileType = sourcecode.swift; path = ProfileViewModel.swift; sourceTree = "<group>"; };
		621251A42BC2D174002F16E2 /* MainScreenAssembly.swift */ = {isa = PBXFileReference; fileEncoding = 4; lastKnownFileType = sourcecode.swift; path = MainScreenAssembly.swift; sourceTree = "<group>"; };
		621251A52BC2D174002F16E2 /* RoundImageView.swift */ = {isa = PBXFileReference; fileEncoding = 4; lastKnownFileType = sourcecode.swift; path = RoundImageView.swift; sourceTree = "<group>"; };
		621251A72BC2D174002F16E2 /* FilmsAPIManager.swift */ = {isa = PBXFileReference; fileEncoding = 4; lastKnownFileType = sourcecode.swift; path = FilmsAPIManager.swift; sourceTree = "<group>"; };
		621251A82BC2D174002F16E2 /* CategoriesCollectionViewCell.swift */ = {isa = PBXFileReference; fileEncoding = 4; lastKnownFileType = sourcecode.swift; path = CategoriesCollectionViewCell.swift; sourceTree = "<group>"; };
		621251A92BC2D174002F16E2 /* CategoryCellModel.swift */ = {isa = PBXFileReference; fileEncoding = 4; lastKnownFileType = sourcecode.swift; path = CategoryCellModel.swift; sourceTree = "<group>"; };
		621251AA2BC2D174002F16E2 /* MainViewController.swift */ = {isa = PBXFileReference; fileEncoding = 4; lastKnownFileType = sourcecode.swift; path = MainViewController.swift; sourceTree = "<group>"; };
		621251AB2BC2D174002F16E2 /* KinoPoiskAPIManager.swift */ = {isa = PBXFileReference; fileEncoding = 4; lastKnownFileType = sourcecode.swift; path = KinoPoiskAPIManager.swift; sourceTree = "<group>"; };
		621251AC2BC2D174002F16E2 /* ReviewView.swift */ = {isa = PBXFileReference; fileEncoding = 4; lastKnownFileType = sourcecode.swift; path = ReviewView.swift; sourceTree = "<group>"; };
		621251AD2BC2D174002F16E2 /* MainViewModel.swift */ = {isa = PBXFileReference; fileEncoding = 4; lastKnownFileType = sourcecode.swift; path = MainViewModel.swift; sourceTree = "<group>"; };
		621251AE2BC2D174002F16E2 /* MainView.swift */ = {isa = PBXFileReference; fileEncoding = 4; lastKnownFileType = sourcecode.swift; path = MainView.swift; sourceTree = "<group>"; };
		621251AF2BC2D174002F16E2 /* Review.swift */ = {isa = PBXFileReference; fileEncoding = 4; lastKnownFileType = sourcecode.swift; path = Review.swift; sourceTree = "<group>"; };
		6212521A2BC481C3002F16E2 /* ProfileScreenFilmHubIOSHWTests.xctest */ = {isa = PBXFileReference; explicitFileType = wrapper.cfbundle; includeInIndex = 0; path = ProfileScreenFilmHubIOSHWTests.xctest; sourceTree = BUILT_PRODUCTS_DIR; };
		6212521C2BC481C3002F16E2 /* ProfileScreenTests.swift */ = {isa = PBXFileReference; lastKnownFileType = sourcecode.swift; path = ProfileScreenTests.swift; sourceTree = "<group>"; };
		621252232BC4913C002F16E2 /* Exception.swift */ = {isa = PBXFileReference; lastKnownFileType = sourcecode.swift; path = Exception.swift; sourceTree = "<group>"; };
		621252562BC49E99002F16E2 /* ProfileUITests.xctest */ = {isa = PBXFileReference; explicitFileType = wrapper.cfbundle; includeInIndex = 0; path = ProfileUITests.xctest; sourceTree = BUILT_PRODUCTS_DIR; };
		621252582BC49E99002F16E2 /* ProfileUITests.swift */ = {isa = PBXFileReference; lastKnownFileType = sourcecode.swift; path = ProfileUITests.swift; sourceTree = "<group>"; };
		6212525A2BC49E99002F16E2 /* ProfileUITestsLaunchTests.swift */ = {isa = PBXFileReference; lastKnownFileType = sourcecode.swift; path = ProfileUITestsLaunchTests.swift; sourceTree = "<group>"; };
		621252692BC4AE83002F16E2 /* ProfileViewSnapshotTests.swift */ = {isa = PBXFileReference; lastKnownFileType = sourcecode.swift; path = ProfileViewSnapshotTests.swift; sourceTree = "<group>"; };
		6215BB132BC2BCE200D12C25 /* FilmHub_IOS_HW.app */ = {isa = PBXFileReference; explicitFileType = wrapper.application; includeInIndex = 0; path = FilmHub_IOS_HW.app; sourceTree = BUILT_PRODUCTS_DIR; };
		6215BB162BC2BCE200D12C25 /* AppDelegate.swift */ = {isa = PBXFileReference; lastKnownFileType = sourcecode.swift; path = AppDelegate.swift; sourceTree = "<group>"; };
		6215BB182BC2BCE200D12C25 /* SceneDelegate.swift */ = {isa = PBXFileReference; lastKnownFileType = sourcecode.swift; path = SceneDelegate.swift; sourceTree = "<group>"; };
		6215BB202BC2BCE200D12C25 /* FilmHub_IOS_HW.xcdatamodel */ = {isa = PBXFileReference; lastKnownFileType = wrapper.xcdatamodel; path = FilmHub_IOS_HW.xcdatamodel; sourceTree = "<group>"; };
		6215BB222BC2BCE400D12C25 /* Assets.xcassets */ = {isa = PBXFileReference; lastKnownFileType = folder.assetcatalog; path = Assets.xcassets; sourceTree = "<group>"; };
		6215BB252BC2BCE400D12C25 /* Base */ = {isa = PBXFileReference; lastKnownFileType = file.storyboard; name = Base; path = Base.lproj/LaunchScreen.storyboard; sourceTree = "<group>"; };
		6215BB272BC2BCE400D12C25 /* Info.plist */ = {isa = PBXFileReference; lastKnownFileType = text.plist.xml; path = Info.plist; sourceTree = "<group>"; };
		6215BB302BC2BEBE00D12C25 /* TabBarViewController.swift */ = {isa = PBXFileReference; lastKnownFileType = sourcecode.swift; path = TabBarViewController.swift; sourceTree = "<group>"; };
		6215BB322BC2BEE900D12C25 /* BaseViewController.swift */ = {isa = PBXFileReference; lastKnownFileType = sourcecode.swift; path = BaseViewController.swift; sourceTree = "<group>"; };
		6215BB342BC2BF2500D12C25 /* NavbarViewController.swift */ = {isa = PBXFileReference; lastKnownFileType = sourcecode.swift; path = NavbarViewController.swift; sourceTree = "<group>"; };
		6215BB372BC2BF6500D12C25 /* UIColor + ext.swift */ = {isa = PBXFileReference; lastKnownFileType = sourcecode.swift; path = "UIColor + ext.swift"; sourceTree = "<group>"; };
		6215BB3A2BC2BF9200D12C25 /* StarsBuilder.swift */ = {isa = PBXFileReference; lastKnownFileType = sourcecode.swift; path = StarsBuilder.swift; sourceTree = "<group>"; };
		6215BB3C2BC2BFA400D12C25 /* SeeAllButton.swift */ = {isa = PBXFileReference; lastKnownFileType = sourcecode.swift; path = SeeAllButton.swift; sourceTree = "<group>"; };
		6215BB3E2BC2BFAE00D12C25 /* MainUsersInfoSVBuilder.swift */ = {isa = PBXFileReference; lastKnownFileType = sourcecode.swift; path = MainUsersInfoSVBuilder.swift; sourceTree = "<group>"; };
		6215BB402BC2BFC600D12C25 /* Resources.swift */ = {isa = PBXFileReference; lastKnownFileType = sourcecode.swift; path = Resources.swift; sourceTree = "<group>"; };
		626B8C092BC52FA300ADBC6B /* test_Profile_Screen_In_Iphone_SE.1.png */ = {isa = PBXFileReference; lastKnownFileType = image.png; path = test_Profile_Screen_In_Iphone_SE.1.png; sourceTree = "<group>"; };
		626B8C0A2BC52FA300ADBC6B /* test_Profile_Screen_In_Ipad.1.png */ = {isa = PBXFileReference; lastKnownFileType = image.png; path = test_Profile_Screen_In_Ipad.1.png; sourceTree = "<group>"; };
		62EF9C5F2BC2C30700E983C8 /* MovieScreenViewController.swift */ = {isa = PBXFileReference; fileEncoding = 4; lastKnownFileType = sourcecode.swift; path = MovieScreenViewController.swift; sourceTree = "<group>"; };
		62EF9C612BC2C30700E983C8 /* RateTheFilmViewController.swift */ = {isa = PBXFileReference; fileEncoding = 4; lastKnownFileType = sourcecode.swift; path = RateTheFilmViewController.swift; sourceTree = "<group>"; };
		62EF9C622BC2C30700E983C8 /* RateTheFilmViewModel.swift */ = {isa = PBXFileReference; fileEncoding = 4; lastKnownFileType = sourcecode.swift; path = RateTheFilmViewModel.swift; sourceTree = "<group>"; };
		62EF9C632BC2C30700E983C8 /* RateTheFilmView.swift */ = {isa = PBXFileReference; fileEncoding = 4; lastKnownFileType = sourcecode.swift; path = RateTheFilmView.swift; sourceTree = "<group>"; };
		62EF9C642BC2C30700E983C8 /* MovieScreenView.swift */ = {isa = PBXFileReference; fileEncoding = 4; lastKnownFileType = sourcecode.swift; path = MovieScreenView.swift; sourceTree = "<group>"; };
		62EF9C662BC2C30700E983C8 /* MovieDetailsViewController.swift */ = {isa = PBXFileReference; fileEncoding = 4; lastKnownFileType = sourcecode.swift; path = MovieDetailsViewController.swift; sourceTree = "<group>"; };
		62EF9C672BC2C30700E983C8 /* MovieDetailsViewModel.swift */ = {isa = PBXFileReference; fileEncoding = 4; lastKnownFileType = sourcecode.swift; path = MovieDetailsViewModel.swift; sourceTree = "<group>"; };
		62EF9C682BC2C30700E983C8 /* MovieDetailsView.swift */ = {isa = PBXFileReference; fileEncoding = 4; lastKnownFileType = sourcecode.swift; path = MovieDetailsView.swift; sourceTree = "<group>"; };
		62EF9C692BC2C30700E983C8 /* MovieScreenViewModel.swift */ = {isa = PBXFileReference; fileEncoding = 4; lastKnownFileType = sourcecode.swift; path = MovieScreenViewModel.swift; sourceTree = "<group>"; };
/* End PBXFileReference section */

/* Begin PBXFrameworksBuildPhase section */
		621252172BC481C3002F16E2 /* Frameworks */ = {
			isa = PBXFrameworksBuildPhase;
			buildActionMask = 2147483647;
			files = (
				621252682BC4AE54002F16E2 /* SnapshotTesting in Frameworks */,
			);
			runOnlyForDeploymentPostprocessing = 0;
		};
		621252532BC49E99002F16E2 /* Frameworks */ = {
			isa = PBXFrameworksBuildPhase;
			buildActionMask = 2147483647;
			files = (
			);
			runOnlyForDeploymentPostprocessing = 0;
		};
		6215BB102BC2BCE200D12C25 /* Frameworks */ = {
			isa = PBXFrameworksBuildPhase;
			buildActionMask = 2147483647;
			files = (
				621251A22BC2D102002F16E2 /* Kingfisher in Frameworks */,
				621251952BC2D0A1002F16E2 /* SwiftyJSON in Frameworks */,
				6212519D2BC2D0F0002F16E2 /* Alamofire in Frameworks */,
				6212519F2BC2D0F0002F16E2 /* AlamofireDynamic in Frameworks */,
				621251982BC2D0D2002F16E2 /* SnapKit in Frameworks */,
				6212519A2BC2D0D2002F16E2 /* SnapKit-Dynamic in Frameworks */,
			);
			runOnlyForDeploymentPostprocessing = 0;
		};
/* End PBXFrameworksBuildPhase section */

/* Begin PBXGroup section */
		621251802BC2CFAC002F16E2 /* ProfilePage */ = {
			isa = PBXGroup;
			children = (
				621251812BC2CFAC002F16E2 /* Cells */,
				621251E72BC2D754002F16E2 /* MainProfileScreen */,
				621251842BC2CFAC002F16E2 /* DataManager */,
			);
			path = ProfilePage;
			sourceTree = "<group>";
		};
		621251812BC2CFAC002F16E2 /* Cells */ = {
			isa = PBXGroup;
			children = (
				621251822BC2CFAC002F16E2 /* RecentlyFilmsCollectionViewCell.swift */,
			);
			path = Cells;
			sourceTree = "<group>";
		};
		621251842BC2CFAC002F16E2 /* DataManager */ = {
			isa = PBXGroup;
			children = (
				621251852BC2CFAC002F16E2 /* ProfilesMoviewsDataManager.swift */,
			);
			path = DataManager;
			sourceTree = "<group>";
		};
		621251862BC2CFAC002F16E2 /* Models */ = {
			isa = PBXGroup;
			children = (
				621251A92BC2D174002F16E2 /* CategoryCellModel.swift */,
				621251AF2BC2D174002F16E2 /* Review.swift */,
				621251872BC2CFAC002F16E2 /* Movie.swift */,
			);
			path = Models;
			sourceTree = "<group>";
		};
		621251892BC2CFAC002F16E2 /* Services */ = {
			isa = PBXGroup;
			children = (
				621251A72BC2D174002F16E2 /* FilmsAPIManager.swift */,
				621251AB2BC2D174002F16E2 /* KinoPoiskAPIManager.swift */,
				6212518A2BC2CFAC002F16E2 /* ProfileAPIManager.swift */,
			);
			path = Services;
			sourceTree = "<group>";
		};
		621251A32BC2D152002F16E2 /* MainPages */ = {
			isa = PBXGroup;
			children = (
				621251EA2BC2D93A002F16E2 /* Cells */,
				621251E92BC2D899002F16E2 /* MainScreen */,
			);
			path = MainPages;
			sourceTree = "<group>";
		};
		621251E72BC2D754002F16E2 /* MainProfileScreen */ = {
			isa = PBXGroup;
			children = (
				621251882BC2CFAC002F16E2 /* ProfileViewController.swift */,
				621251832BC2CFAC002F16E2 /* ProfileView.swift */,
				6212518B2BC2CFAC002F16E2 /* ProfileViewModel.swift */,
			);
			path = MainProfileScreen;
			sourceTree = "<group>";
		};
		621251E82BC2D788002F16E2 /* Application */ = {
			isa = PBXGroup;
			children = (
				6215BB162BC2BCE200D12C25 /* AppDelegate.swift */,
				6215BB182BC2BCE200D12C25 /* SceneDelegate.swift */,
			);
			path = Application;
			sourceTree = "<group>";
		};
		621251E92BC2D899002F16E2 /* MainScreen */ = {
			isa = PBXGroup;
			children = (
				621251A42BC2D174002F16E2 /* MainScreenAssembly.swift */,
				621251AE2BC2D174002F16E2 /* MainView.swift */,
				621251AA2BC2D174002F16E2 /* MainViewController.swift */,
				621251AD2BC2D174002F16E2 /* MainViewModel.swift */,
			);
			path = MainScreen;
			sourceTree = "<group>";
		};
		621251EA2BC2D93A002F16E2 /* Cells */ = {
			isa = PBXGroup;
			children = (
				621251A82BC2D174002F16E2 /* CategoriesCollectionViewCell.swift */,
			);
			path = Cells;
			sourceTree = "<group>";
		};
		6212521B2BC481C3002F16E2 /* ProfileScreenTests */ = {
			isa = PBXGroup;
			children = (
				626B8C072BC52FA300ADBC6B /* __Snapshots__ */,
				6212521C2BC481C3002F16E2 /* ProfileScreenTests.swift */,
				621252232BC4913C002F16E2 /* Exception.swift */,
				621252692BC4AE83002F16E2 /* ProfileViewSnapshotTests.swift */,
			);
			path = ProfileScreenTests;
			sourceTree = "<group>";
		};
		621252572BC49E99002F16E2 /* ProfileUITests */ = {
			isa = PBXGroup;
			children = (
				621252582BC49E99002F16E2 /* ProfileUITests.swift */,
				6212525A2BC49E99002F16E2 /* ProfileUITestsLaunchTests.swift */,
			);
			path = ProfileUITests;
			sourceTree = "<group>";
		};
		621252642BC4AC99002F16E2 /* Frameworks */ = {
			isa = PBXGroup;
			children = (
			);
			name = Frameworks;
			sourceTree = "<group>";
		};
		6215BB0A2BC2BCE200D12C25 = {
			isa = PBXGroup;
			children = (
				6215BB152BC2BCE200D12C25 /* FilmHub_IOS_HW */,
				6212521B2BC481C3002F16E2 /* ProfileScreenTests */,
				621252572BC49E99002F16E2 /* ProfileUITests */,
				6215BB142BC2BCE200D12C25 /* Products */,
				621252642BC4AC99002F16E2 /* Frameworks */,
			);
			sourceTree = "<group>";
		};
		6215BB142BC2BCE200D12C25 /* Products */ = {
			isa = PBXGroup;
			children = (
				6215BB132BC2BCE200D12C25 /* FilmHub_IOS_HW.app */,
				6212521A2BC481C3002F16E2 /* ProfileScreenFilmHubIOSHWTests.xctest */,
				621252562BC49E99002F16E2 /* ProfileUITests.xctest */,
			);
			name = Products;
			sourceTree = "<group>";
		};
		6215BB152BC2BCE200D12C25 /* FilmHub_IOS_HW */ = {
			isa = PBXGroup;
			children = (
				621251892BC2CFAC002F16E2 /* Services */,
				621251862BC2CFAC002F16E2 /* Models */,
				621251E82BC2D788002F16E2 /* Application */,
				621251A32BC2D152002F16E2 /* MainPages */,
				621251802BC2CFAC002F16E2 /* ProfilePage */,
				6215BB2F2BC2BE7B00D12C25 /* Helpers */,
				6215BB2E2BC2BE6F00D12C25 /* BaseControllers */,
				6215BB222BC2BCE400D12C25 /* Assets.xcassets */,
				6215BB242BC2BCE400D12C25 /* LaunchScreen.storyboard */,
				6215BB272BC2BCE400D12C25 /* Info.plist */,
				6215BB1F2BC2BCE200D12C25 /* FilmHub_IOS_HW.xcdatamodeld */,
				62EF9C5E2BC2C30700E983C8 /* MovieScreen */,
			);
			path = FilmHub_IOS_HW;
			sourceTree = "<group>";
		};
		6215BB2E2BC2BE6F00D12C25 /* BaseControllers */ = {
			isa = PBXGroup;
			children = (
				6215BB302BC2BEBE00D12C25 /* TabBarViewController.swift */,
				6215BB322BC2BEE900D12C25 /* BaseViewController.swift */,
				6215BB342BC2BF2500D12C25 /* NavbarViewController.swift */,
			);
			path = BaseControllers;
			sourceTree = "<group>";
		};
		6215BB2F2BC2BE7B00D12C25 /* Helpers */ = {
			isa = PBXGroup;
			children = (
				6215BB392BC2BF7D00D12C25 /* Views */,
				6215BB362BC2BF5100D12C25 /* Extension */,
				6215BB402BC2BFC600D12C25 /* Resources.swift */,
			);
			path = Helpers;
			sourceTree = "<group>";
		};
		6215BB362BC2BF5100D12C25 /* Extension */ = {
			isa = PBXGroup;
			children = (
				6215BB372BC2BF6500D12C25 /* UIColor + ext.swift */,
			);
			path = Extension;
			sourceTree = "<group>";
		};
		6215BB392BC2BF7D00D12C25 /* Views */ = {
			isa = PBXGroup;
			children = (
				621251AC2BC2D174002F16E2 /* ReviewView.swift */,
				621251A52BC2D174002F16E2 /* RoundImageView.swift */,
				6215BB3A2BC2BF9200D12C25 /* StarsBuilder.swift */,
				6215BB3C2BC2BFA400D12C25 /* SeeAllButton.swift */,
				6215BB3E2BC2BFAE00D12C25 /* MainUsersInfoSVBuilder.swift */,
			);
			path = Views;
			sourceTree = "<group>";
		};
		626B8C072BC52FA300ADBC6B /* __Snapshots__ */ = {
			isa = PBXGroup;
			children = (
				626B8C082BC52FA300ADBC6B /* ProfileViewSnapshotTests */,
			);
			path = __Snapshots__;
			sourceTree = "<group>";
		};
		626B8C082BC52FA300ADBC6B /* ProfileViewSnapshotTests */ = {
			isa = PBXGroup;
			children = (
				626B8C092BC52FA300ADBC6B /* test_Profile_Screen_In_Iphone_SE.1.png */,
				626B8C0A2BC52FA300ADBC6B /* test_Profile_Screen_In_Ipad.1.png */,
			);
			path = ProfileViewSnapshotTests;
			sourceTree = "<group>";
		};
		62EF9C5E2BC2C30700E983C8 /* MovieScreen */ = {
			isa = PBXGroup;
			children = (
				62EF9C642BC2C30700E983C8 /* MovieScreenView.swift */,
				62EF9C5F2BC2C30700E983C8 /* MovieScreenViewController.swift */,
				62EF9C692BC2C30700E983C8 /* MovieScreenViewModel.swift */,
				62EF9C602BC2C30700E983C8 /* rateTheFilm */,
				62EF9C652BC2C30700E983C8 /* MovieDetails */,
			);
			path = MovieScreen;
			sourceTree = "<group>";
		};
		62EF9C602BC2C30700E983C8 /* rateTheFilm */ = {
			isa = PBXGroup;
			children = (
				62EF9C612BC2C30700E983C8 /* RateTheFilmViewController.swift */,
				62EF9C622BC2C30700E983C8 /* RateTheFilmViewModel.swift */,
				62EF9C632BC2C30700E983C8 /* RateTheFilmView.swift */,
			);
			path = rateTheFilm;
			sourceTree = "<group>";
		};
		62EF9C652BC2C30700E983C8 /* MovieDetails */ = {
			isa = PBXGroup;
			children = (
				62EF9C662BC2C30700E983C8 /* MovieDetailsViewController.swift */,
				62EF9C672BC2C30700E983C8 /* MovieDetailsViewModel.swift */,
				62EF9C682BC2C30700E983C8 /* MovieDetailsView.swift */,
			);
			path = MovieDetails;
			sourceTree = "<group>";
		};
/* End PBXGroup section */

/* Begin PBXNativeTarget section */
		621252192BC481C3002F16E2 /* ProfileScreenFilmHubIOSHWTests */ = {
			isa = PBXNativeTarget;
			buildConfigurationList = 621252222BC481C3002F16E2 /* Build configuration list for PBXNativeTarget "ProfileScreenFilmHubIOSHWTests" */;
			buildPhases = (
				621252162BC481C3002F16E2 /* Sources */,
				621252172BC481C3002F16E2 /* Frameworks */,
				621252182BC481C3002F16E2 /* Resources */,
			);
			buildRules = (
			);
			dependencies = (
				6212521F2BC481C3002F16E2 /* PBXTargetDependency */,
			);
			name = ProfileScreenFilmHubIOSHWTests;
			packageProductDependencies = (
				621252672BC4AE54002F16E2 /* SnapshotTesting */,
			);
			productName = ProfileScreenFilmHubIOSHWTests;
			productReference = 6212521A2BC481C3002F16E2 /* ProfileScreenFilmHubIOSHWTests.xctest */;
			productType = "com.apple.product-type.bundle.unit-test";
		};
		621252552BC49E99002F16E2 /* ProfileUITests */ = {
			isa = PBXNativeTarget;
			buildConfigurationList = 6212525E2BC49E99002F16E2 /* Build configuration list for PBXNativeTarget "ProfileUITests" */;
			buildPhases = (
				621252522BC49E99002F16E2 /* Sources */,
				621252532BC49E99002F16E2 /* Frameworks */,
				621252542BC49E99002F16E2 /* Resources */,
			);
			buildRules = (
			);
			dependencies = (
				6212525D2BC49E99002F16E2 /* PBXTargetDependency */,
			);
			name = ProfileUITests;
			productName = ProfileUITests;
			productReference = 621252562BC49E99002F16E2 /* ProfileUITests.xctest */;
			productType = "com.apple.product-type.bundle.ui-testing";
		};
		6215BB122BC2BCE200D12C25 /* FilmHub_IOS_HW */ = {
			isa = PBXNativeTarget;
			buildConfigurationList = 6215BB2A2BC2BCE400D12C25 /* Build configuration list for PBXNativeTarget "FilmHub_IOS_HW" */;
			buildPhases = (
				6215BB0F2BC2BCE200D12C25 /* Sources */,
				6215BB102BC2BCE200D12C25 /* Frameworks */,
				6215BB112BC2BCE200D12C25 /* Resources */,
			);
			buildRules = (
			);
			dependencies = (
			);
			name = FilmHub_IOS_HW;
			packageProductDependencies = (
				621251942BC2D0A1002F16E2 /* SwiftyJSON */,
				621251972BC2D0D2002F16E2 /* SnapKit */,
				621251992BC2D0D2002F16E2 /* SnapKit-Dynamic */,
				6212519C2BC2D0F0002F16E2 /* Alamofire */,
				6212519E2BC2D0F0002F16E2 /* AlamofireDynamic */,
				621251A12BC2D102002F16E2 /* Kingfisher */,
			);
			productName = FilmHub_IOS_HW;
			productReference = 6215BB132BC2BCE200D12C25 /* FilmHub_IOS_HW.app */;
			productType = "com.apple.product-type.application";
		};
/* End PBXNativeTarget section */

/* Begin PBXProject section */
		6215BB0B2BC2BCE200D12C25 /* Project object */ = {
			isa = PBXProject;
			attributes = {
				BuildIndependentTargetsInParallel = 1;
				LastSwiftUpdateCheck = 1520;
				LastUpgradeCheck = 1520;
				TargetAttributes = {
					621252192BC481C3002F16E2 = {
						CreatedOnToolsVersion = 15.2;
						TestTargetID = 6215BB122BC2BCE200D12C25;
					};
					621252552BC49E99002F16E2 = {
						CreatedOnToolsVersion = 15.2;
						TestTargetID = 6215BB122BC2BCE200D12C25;
					};
					6215BB122BC2BCE200D12C25 = {
						CreatedOnToolsVersion = 15.2;
					};
				};
			};
			buildConfigurationList = 6215BB0E2BC2BCE200D12C25 /* Build configuration list for PBXProject "FilmHub_IOS_HW" */;
			compatibilityVersion = "Xcode 14.0";
			developmentRegion = en;
			hasScannedForEncodings = 0;
			knownRegions = (
				en,
				Base,
			);
			mainGroup = 6215BB0A2BC2BCE200D12C25;
			packageReferences = (
				621251932BC2D0A1002F16E2 /* XCRemoteSwiftPackageReference "SwiftyJSON" */,
				621251962BC2D0D2002F16E2 /* XCRemoteSwiftPackageReference "SnapKit" */,
				6212519B2BC2D0F0002F16E2 /* XCRemoteSwiftPackageReference "Alamofire" */,
				621251A02BC2D101002F16E2 /* XCRemoteSwiftPackageReference "Kingfisher" */,
				621252612BC4A81E002F16E2 /* XCRemoteSwiftPackageReference "swift-snapshot-testing" */,
			);
			productRefGroup = 6215BB142BC2BCE200D12C25 /* Products */;
			projectDirPath = "";
			projectRoot = "";
			targets = (
				6215BB122BC2BCE200D12C25 /* FilmHub_IOS_HW */,
				621252192BC481C3002F16E2 /* ProfileScreenFilmHubIOSHWTests */,
				621252552BC49E99002F16E2 /* ProfileUITests */,
			);
		};
/* End PBXProject section */

/* Begin PBXResourcesBuildPhase section */
		621252182BC481C3002F16E2 /* Resources */ = {
			isa = PBXResourcesBuildPhase;
			buildActionMask = 2147483647;
			files = (
				626B8C0B2BC52FA300ADBC6B /* test_Profile_Screen_In_Iphone_SE.1.png in Resources */,
				626B8C0C2BC52FA300ADBC6B /* test_Profile_Screen_In_Ipad.1.png in Resources */,
			);
			runOnlyForDeploymentPostprocessing = 0;
		};
		621252542BC49E99002F16E2 /* Resources */ = {
			isa = PBXResourcesBuildPhase;
			buildActionMask = 2147483647;
			files = (
			);
			runOnlyForDeploymentPostprocessing = 0;
		};
		6215BB112BC2BCE200D12C25 /* Resources */ = {
			isa = PBXResourcesBuildPhase;
			buildActionMask = 2147483647;
			files = (
				6215BB262BC2BCE400D12C25 /* LaunchScreen.storyboard in Resources */,
				6215BB232BC2BCE400D12C25 /* Assets.xcassets in Resources */,
			);
			runOnlyForDeploymentPostprocessing = 0;
		};
/* End PBXResourcesBuildPhase section */

/* Begin PBXSourcesBuildPhase section */
		621252162BC481C3002F16E2 /* Sources */ = {
			isa = PBXSourcesBuildPhase;
			buildActionMask = 2147483647;
			files = (
				6212521D2BC481C3002F16E2 /* ProfileScreenTests.swift in Sources */,
				621252242BC4913C002F16E2 /* Exception.swift in Sources */,
				6212526A2BC4AE83002F16E2 /* ProfileViewSnapshotTests.swift in Sources */,
			);
			runOnlyForDeploymentPostprocessing = 0;
		};
		621252522BC49E99002F16E2 /* Sources */ = {
			isa = PBXSourcesBuildPhase;
			buildActionMask = 2147483647;
			files = (
				6212525B2BC49E99002F16E2 /* ProfileUITestsLaunchTests.swift in Sources */,
				621252592BC49E99002F16E2 /* ProfileUITests.swift in Sources */,
			);
			runOnlyForDeploymentPostprocessing = 0;
		};
		6215BB0F2BC2BCE200D12C25 /* Sources */ = {
			isa = PBXSourcesBuildPhase;
			buildActionMask = 2147483647;
			files = (
				621251B02BC2D174002F16E2 /* MainScreenAssembly.swift in Sources */,
				6215BB352BC2BF2500D12C25 /* NavbarViewController.swift in Sources */,
				6212518C2BC2CFAC002F16E2 /* RecentlyFilmsCollectionViewCell.swift in Sources */,
				6215BB3D2BC2BFA400D12C25 /* SeeAllButton.swift in Sources */,
				621251922BC2CFAC002F16E2 /* ProfileViewModel.swift in Sources */,
				621251BA2BC2D174002F16E2 /* MainView.swift in Sources */,
				6215BB3B2BC2BF9200D12C25 /* StarsBuilder.swift in Sources */,
				6215BB332BC2BEE900D12C25 /* BaseViewController.swift in Sources */,
				621251BB2BC2D174002F16E2 /* Review.swift in Sources */,
				621251B62BC2D174002F16E2 /* MainViewController.swift in Sources */,
				62EF9C712BC2C30700E983C8 /* MovieDetailsView.swift in Sources */,
				6215BB312BC2BEBE00D12C25 /* TabBarViewController.swift in Sources */,
				621251B32BC2D174002F16E2 /* FilmsAPIManager.swift in Sources */,
				62EF9C6A2BC2C30700E983C8 /* MovieScreenViewController.swift in Sources */,
				62EF9C6D2BC2C30700E983C8 /* RateTheFilmView.swift in Sources */,
				6215BB172BC2BCE200D12C25 /* AppDelegate.swift in Sources */,
				62EF9C702BC2C30700E983C8 /* MovieDetailsViewModel.swift in Sources */,
				621251B52BC2D174002F16E2 /* CategoryCellModel.swift in Sources */,
				6215BB3F2BC2BFAE00D12C25 /* MainUsersInfoSVBuilder.swift in Sources */,
				6215BB212BC2BCE200D12C25 /* FilmHub_IOS_HW.xcdatamodeld in Sources */,
				62EF9C6B2BC2C30700E983C8 /* RateTheFilmViewController.swift in Sources */,
				621251B92BC2D174002F16E2 /* MainViewModel.swift in Sources */,
				6212518F2BC2CFAC002F16E2 /* Movie.swift in Sources */,
				621251B42BC2D174002F16E2 /* CategoriesCollectionViewCell.swift in Sources */,
				62EF9C722BC2C30700E983C8 /* MovieScreenViewModel.swift in Sources */,
				62EF9C6E2BC2C30700E983C8 /* MovieScreenView.swift in Sources */,
				6215BB412BC2BFC600D12C25 /* Resources.swift in Sources */,
				621251B12BC2D174002F16E2 /* RoundImageView.swift in Sources */,
				621251B72BC2D174002F16E2 /* KinoPoiskAPIManager.swift in Sources */,
				6215BB192BC2BCE200D12C25 /* SceneDelegate.swift in Sources */,
				621251B82BC2D174002F16E2 /* ReviewView.swift in Sources */,
				62EF9C6C2BC2C30700E983C8 /* RateTheFilmViewModel.swift in Sources */,
				6215BB382BC2BF6500D12C25 /* UIColor + ext.swift in Sources */,
				6212518D2BC2CFAC002F16E2 /* ProfileView.swift in Sources */,
				621251902BC2CFAC002F16E2 /* ProfileViewController.swift in Sources */,
				62EF9C6F2BC2C30700E983C8 /* MovieDetailsViewController.swift in Sources */,
				621251912BC2CFAC002F16E2 /* ProfileAPIManager.swift in Sources */,
				6212518E2BC2CFAC002F16E2 /* ProfilesMoviewsDataManager.swift in Sources */,
			);
			runOnlyForDeploymentPostprocessing = 0;
		};
/* End PBXSourcesBuildPhase section */

/* Begin PBXTargetDependency section */
		6212521F2BC481C3002F16E2 /* PBXTargetDependency */ = {
			isa = PBXTargetDependency;
			target = 6215BB122BC2BCE200D12C25 /* FilmHub_IOS_HW */;
			targetProxy = 6212521E2BC481C3002F16E2 /* PBXContainerItemProxy */;
		};
		6212525D2BC49E99002F16E2 /* PBXTargetDependency */ = {
			isa = PBXTargetDependency;
			target = 6215BB122BC2BCE200D12C25 /* FilmHub_IOS_HW */;
			targetProxy = 6212525C2BC49E99002F16E2 /* PBXContainerItemProxy */;
		};
/* End PBXTargetDependency section */

/* Begin PBXVariantGroup section */
		6215BB242BC2BCE400D12C25 /* LaunchScreen.storyboard */ = {
			isa = PBXVariantGroup;
			children = (
				6215BB252BC2BCE400D12C25 /* Base */,
			);
			name = LaunchScreen.storyboard;
			sourceTree = "<group>";
		};
/* End PBXVariantGroup section */

/* Begin XCBuildConfiguration section */
		621252202BC481C3002F16E2 /* Debug */ = {
			isa = XCBuildConfiguration;
			buildSettings = {
				BUNDLE_LOADER = "$(TEST_HOST)";
				CODE_SIGN_STYLE = Automatic;
				CURRENT_PROJECT_VERSION = 1;
				GENERATE_INFOPLIST_FILE = YES;
				MARKETING_VERSION = 1.0;
				PRODUCT_BUNDLE_IDENTIFIER = testApp.ProfileScreenFilmHubIOSHWTests;
				PRODUCT_NAME = "$(TARGET_NAME)";
				SWIFT_EMIT_LOC_STRINGS = NO;
				SWIFT_VERSION = 5.0;
				TARGETED_DEVICE_FAMILY = "1,2";
				TEST_HOST = "$(BUILT_PRODUCTS_DIR)/FilmHub_IOS_HW.app/$(BUNDLE_EXECUTABLE_FOLDER_PATH)/FilmHub_IOS_HW";
			};
			name = Debug;
		};
		621252212BC481C3002F16E2 /* Release */ = {
			isa = XCBuildConfiguration;
			buildSettings = {
				BUNDLE_LOADER = "$(TEST_HOST)";
				CODE_SIGN_STYLE = Automatic;
				CURRENT_PROJECT_VERSION = 1;
				GENERATE_INFOPLIST_FILE = YES;
				MARKETING_VERSION = 1.0;
				PRODUCT_BUNDLE_IDENTIFIER = testApp.ProfileScreenFilmHubIOSHWTests;
				PRODUCT_NAME = "$(TARGET_NAME)";
				SWIFT_EMIT_LOC_STRINGS = NO;
				SWIFT_VERSION = 5.0;
				TARGETED_DEVICE_FAMILY = "1,2";
				TEST_HOST = "$(BUILT_PRODUCTS_DIR)/FilmHub_IOS_HW.app/$(BUNDLE_EXECUTABLE_FOLDER_PATH)/FilmHub_IOS_HW";
			};
			name = Release;
		};
		6212525F2BC49E99002F16E2 /* Debug */ = {
			isa = XCBuildConfiguration;
			buildSettings = {
				CODE_SIGN_STYLE = Automatic;
				CURRENT_PROJECT_VERSION = 1;
				GENERATE_INFOPLIST_FILE = YES;
				MARKETING_VERSION = 1.0;
				PRODUCT_BUNDLE_IDENTIFIER = testApp.ProfileUITests;
				PRODUCT_NAME = "$(TARGET_NAME)";
				SWIFT_EMIT_LOC_STRINGS = NO;
				SWIFT_VERSION = 5.0;
				TARGETED_DEVICE_FAMILY = "1,2";
				TEST_TARGET_NAME = FilmHub_IOS_HW;
			};
			name = Debug;
		};
		621252602BC49E99002F16E2 /* Release */ = {
			isa = XCBuildConfiguration;
			buildSettings = {
				CODE_SIGN_STYLE = Automatic;
				CURRENT_PROJECT_VERSION = 1;
				GENERATE_INFOPLIST_FILE = YES;
				MARKETING_VERSION = 1.0;
				PRODUCT_BUNDLE_IDENTIFIER = testApp.ProfileUITests;
				PRODUCT_NAME = "$(TARGET_NAME)";
				SWIFT_EMIT_LOC_STRINGS = NO;
				SWIFT_VERSION = 5.0;
				TARGETED_DEVICE_FAMILY = "1,2";
				TEST_TARGET_NAME = FilmHub_IOS_HW;
			};
			name = Release;
		};
		6215BB282BC2BCE400D12C25 /* Debug */ = {
			isa = XCBuildConfiguration;
			buildSettings = {
				ALWAYS_SEARCH_USER_PATHS = NO;
				ASSETCATALOG_COMPILER_GENERATE_SWIFT_ASSET_SYMBOL_EXTENSIONS = YES;
				CLANG_ANALYZER_NONNULL = YES;
				CLANG_ANALYZER_NUMBER_OBJECT_CONVERSION = YES_AGGRESSIVE;
				CLANG_CXX_LANGUAGE_STANDARD = "gnu++20";
				CLANG_ENABLE_MODULES = YES;
				CLANG_ENABLE_OBJC_ARC = YES;
				CLANG_ENABLE_OBJC_WEAK = YES;
				CLANG_WARN_BLOCK_CAPTURE_AUTORELEASING = YES;
				CLANG_WARN_BOOL_CONVERSION = YES;
				CLANG_WARN_COMMA = YES;
				CLANG_WARN_CONSTANT_CONVERSION = YES;
				CLANG_WARN_DEPRECATED_OBJC_IMPLEMENTATIONS = YES;
				CLANG_WARN_DIRECT_OBJC_ISA_USAGE = YES_ERROR;
				CLANG_WARN_DOCUMENTATION_COMMENTS = YES;
				CLANG_WARN_EMPTY_BODY = YES;
				CLANG_WARN_ENUM_CONVERSION = YES;
				CLANG_WARN_INFINITE_RECURSION = YES;
				CLANG_WARN_INT_CONVERSION = YES;
				CLANG_WARN_NON_LITERAL_NULL_CONVERSION = YES;
				CLANG_WARN_OBJC_IMPLICIT_RETAIN_SELF = YES;
				CLANG_WARN_OBJC_LITERAL_CONVERSION = YES;
				CLANG_WARN_OBJC_ROOT_CLASS = YES_ERROR;
				CLANG_WARN_QUOTED_INCLUDE_IN_FRAMEWORK_HEADER = YES;
				CLANG_WARN_RANGE_LOOP_ANALYSIS = YES;
				CLANG_WARN_STRICT_PROTOTYPES = YES;
				CLANG_WARN_SUSPICIOUS_MOVE = YES;
				CLANG_WARN_UNGUARDED_AVAILABILITY = YES_AGGRESSIVE;
				CLANG_WARN_UNREACHABLE_CODE = YES;
				CLANG_WARN__DUPLICATE_METHOD_MATCH = YES;
				COPY_PHASE_STRIP = NO;
				DEBUG_INFORMATION_FORMAT = dwarf;
				ENABLE_STRICT_OBJC_MSGSEND = YES;
				ENABLE_TESTABILITY = YES;
				ENABLE_USER_SCRIPT_SANDBOXING = YES;
				GCC_C_LANGUAGE_STANDARD = gnu17;
				GCC_DYNAMIC_NO_PIC = NO;
				GCC_NO_COMMON_BLOCKS = YES;
				GCC_OPTIMIZATION_LEVEL = 0;
				GCC_PREPROCESSOR_DEFINITIONS = (
					"DEBUG=1",
					"$(inherited)",
				);
				GCC_WARN_64_TO_32_BIT_CONVERSION = YES;
				GCC_WARN_ABOUT_RETURN_TYPE = YES_ERROR;
				GCC_WARN_UNDECLARED_SELECTOR = YES;
				GCC_WARN_UNINITIALIZED_AUTOS = YES_AGGRESSIVE;
				GCC_WARN_UNUSED_FUNCTION = YES;
				GCC_WARN_UNUSED_VARIABLE = YES;
				IPHONEOS_DEPLOYMENT_TARGET = 17.2;
				LOCALIZATION_PREFERS_STRING_CATALOGS = YES;
				MTL_ENABLE_DEBUG_INFO = INCLUDE_SOURCE;
				MTL_FAST_MATH = YES;
				ONLY_ACTIVE_ARCH = YES;
				SDKROOT = iphoneos;
				SWIFT_ACTIVE_COMPILATION_CONDITIONS = "DEBUG $(inherited)";
				SWIFT_OPTIMIZATION_LEVEL = "-Onone";
			};
			name = Debug;
		};
		6215BB292BC2BCE400D12C25 /* Release */ = {
			isa = XCBuildConfiguration;
			buildSettings = {
				ALWAYS_SEARCH_USER_PATHS = NO;
				ASSETCATALOG_COMPILER_GENERATE_SWIFT_ASSET_SYMBOL_EXTENSIONS = YES;
				CLANG_ANALYZER_NONNULL = YES;
				CLANG_ANALYZER_NUMBER_OBJECT_CONVERSION = YES_AGGRESSIVE;
				CLANG_CXX_LANGUAGE_STANDARD = "gnu++20";
				CLANG_ENABLE_MODULES = YES;
				CLANG_ENABLE_OBJC_ARC = YES;
				CLANG_ENABLE_OBJC_WEAK = YES;
				CLANG_WARN_BLOCK_CAPTURE_AUTORELEASING = YES;
				CLANG_WARN_BOOL_CONVERSION = YES;
				CLANG_WARN_COMMA = YES;
				CLANG_WARN_CONSTANT_CONVERSION = YES;
				CLANG_WARN_DEPRECATED_OBJC_IMPLEMENTATIONS = YES;
				CLANG_WARN_DIRECT_OBJC_ISA_USAGE = YES_ERROR;
				CLANG_WARN_DOCUMENTATION_COMMENTS = YES;
				CLANG_WARN_EMPTY_BODY = YES;
				CLANG_WARN_ENUM_CONVERSION = YES;
				CLANG_WARN_INFINITE_RECURSION = YES;
				CLANG_WARN_INT_CONVERSION = YES;
				CLANG_WARN_NON_LITERAL_NULL_CONVERSION = YES;
				CLANG_WARN_OBJC_IMPLICIT_RETAIN_SELF = YES;
				CLANG_WARN_OBJC_LITERAL_CONVERSION = YES;
				CLANG_WARN_OBJC_ROOT_CLASS = YES_ERROR;
				CLANG_WARN_QUOTED_INCLUDE_IN_FRAMEWORK_HEADER = YES;
				CLANG_WARN_RANGE_LOOP_ANALYSIS = YES;
				CLANG_WARN_STRICT_PROTOTYPES = YES;
				CLANG_WARN_SUSPICIOUS_MOVE = YES;
				CLANG_WARN_UNGUARDED_AVAILABILITY = YES_AGGRESSIVE;
				CLANG_WARN_UNREACHABLE_CODE = YES;
				CLANG_WARN__DUPLICATE_METHOD_MATCH = YES;
				COPY_PHASE_STRIP = NO;
				DEBUG_INFORMATION_FORMAT = "dwarf-with-dsym";
				ENABLE_NS_ASSERTIONS = NO;
				ENABLE_STRICT_OBJC_MSGSEND = YES;
				ENABLE_USER_SCRIPT_SANDBOXING = YES;
				GCC_C_LANGUAGE_STANDARD = gnu17;
				GCC_NO_COMMON_BLOCKS = YES;
				GCC_WARN_64_TO_32_BIT_CONVERSION = YES;
				GCC_WARN_ABOUT_RETURN_TYPE = YES_ERROR;
				GCC_WARN_UNDECLARED_SELECTOR = YES;
				GCC_WARN_UNINITIALIZED_AUTOS = YES_AGGRESSIVE;
				GCC_WARN_UNUSED_FUNCTION = YES;
				GCC_WARN_UNUSED_VARIABLE = YES;
				IPHONEOS_DEPLOYMENT_TARGET = 17.2;
				LOCALIZATION_PREFERS_STRING_CATALOGS = YES;
				MTL_ENABLE_DEBUG_INFO = NO;
				MTL_FAST_MATH = YES;
				SDKROOT = iphoneos;
				SWIFT_COMPILATION_MODE = wholemodule;
				VALIDATE_PRODUCT = YES;
			};
			name = Release;
		};
		6215BB2B2BC2BCE400D12C25 /* Debug */ = {
			isa = XCBuildConfiguration;
			buildSettings = {
				ASSETCATALOG_COMPILER_APPICON_NAME = AppIcon;
				ASSETCATALOG_COMPILER_GLOBAL_ACCENT_COLOR_NAME = AccentColor;
				CODE_SIGN_STYLE = Automatic;
				CURRENT_PROJECT_VERSION = 1;
				GENERATE_INFOPLIST_FILE = YES;
				INFOPLIST_FILE = FilmHub_IOS_HW/Info.plist;
				INFOPLIST_KEY_UIApplicationSupportsIndirectInputEvents = YES;
				INFOPLIST_KEY_UILaunchStoryboardName = LaunchScreen;
				INFOPLIST_KEY_UISupportedInterfaceOrientations_iPad = "UIInterfaceOrientationPortrait UIInterfaceOrientationPortraitUpsideDown UIInterfaceOrientationLandscapeLeft UIInterfaceOrientationLandscapeRight";
				INFOPLIST_KEY_UISupportedInterfaceOrientations_iPhone = "UIInterfaceOrientationPortrait UIInterfaceOrientationLandscapeLeft UIInterfaceOrientationLandscapeRight";
				LD_RUNPATH_SEARCH_PATHS = (
					"$(inherited)",
					"@executable_path/Frameworks",
				);
				MARKETING_VERSION = 1.0;
				PRODUCT_BUNDLE_IDENTIFIER = "testApp.FilmHub-IOS-HW";
				PRODUCT_NAME = "$(TARGET_NAME)";
				SWIFT_EMIT_LOC_STRINGS = YES;
				SWIFT_VERSION = 5.0;
				TARGETED_DEVICE_FAMILY = "1,2";
			};
			name = Debug;
		};
		6215BB2C2BC2BCE400D12C25 /* Release */ = {
			isa = XCBuildConfiguration;
			buildSettings = {
				ASSETCATALOG_COMPILER_APPICON_NAME = AppIcon;
				ASSETCATALOG_COMPILER_GLOBAL_ACCENT_COLOR_NAME = AccentColor;
				CODE_SIGN_STYLE = Automatic;
				CURRENT_PROJECT_VERSION = 1;
				GENERATE_INFOPLIST_FILE = YES;
				INFOPLIST_FILE = FilmHub_IOS_HW/Info.plist;
				INFOPLIST_KEY_UIApplicationSupportsIndirectInputEvents = YES;
				INFOPLIST_KEY_UILaunchStoryboardName = LaunchScreen;
				INFOPLIST_KEY_UISupportedInterfaceOrientations_iPad = "UIInterfaceOrientationPortrait UIInterfaceOrientationPortraitUpsideDown UIInterfaceOrientationLandscapeLeft UIInterfaceOrientationLandscapeRight";
				INFOPLIST_KEY_UISupportedInterfaceOrientations_iPhone = "UIInterfaceOrientationPortrait UIInterfaceOrientationLandscapeLeft UIInterfaceOrientationLandscapeRight";
				LD_RUNPATH_SEARCH_PATHS = (
					"$(inherited)",
					"@executable_path/Frameworks",
				);
				MARKETING_VERSION = 1.0;
				PRODUCT_BUNDLE_IDENTIFIER = "testApp.FilmHub-IOS-HW";
				PRODUCT_NAME = "$(TARGET_NAME)";
				SWIFT_EMIT_LOC_STRINGS = YES;
				SWIFT_VERSION = 5.0;
				TARGETED_DEVICE_FAMILY = "1,2";
			};
			name = Release;
		};
/* End XCBuildConfiguration section */

/* Begin XCConfigurationList section */
		621252222BC481C3002F16E2 /* Build configuration list for PBXNativeTarget "ProfileScreenFilmHubIOSHWTests" */ = {
			isa = XCConfigurationList;
			buildConfigurations = (
				621252202BC481C3002F16E2 /* Debug */,
				621252212BC481C3002F16E2 /* Release */,
			);
			defaultConfigurationIsVisible = 0;
			defaultConfigurationName = Release;
		};
		6212525E2BC49E99002F16E2 /* Build configuration list for PBXNativeTarget "ProfileUITests" */ = {
			isa = XCConfigurationList;
			buildConfigurations = (
				6212525F2BC49E99002F16E2 /* Debug */,
				621252602BC49E99002F16E2 /* Release */,
			);
			defaultConfigurationIsVisible = 0;
			defaultConfigurationName = Release;
		};
		6215BB0E2BC2BCE200D12C25 /* Build configuration list for PBXProject "FilmHub_IOS_HW" */ = {
			isa = XCConfigurationList;
			buildConfigurations = (
				6215BB282BC2BCE400D12C25 /* Debug */,
				6215BB292BC2BCE400D12C25 /* Release */,
			);
			defaultConfigurationIsVisible = 0;
			defaultConfigurationName = Release;
		};
		6215BB2A2BC2BCE400D12C25 /* Build configuration list for PBXNativeTarget "FilmHub_IOS_HW" */ = {
			isa = XCConfigurationList;
			buildConfigurations = (
				6215BB2B2BC2BCE400D12C25 /* Debug */,
				6215BB2C2BC2BCE400D12C25 /* Release */,
			);
			defaultConfigurationIsVisible = 0;
			defaultConfigurationName = Release;
		};
/* End XCConfigurationList section */

/* Begin XCRemoteSwiftPackageReference section */
		621251932BC2D0A1002F16E2 /* XCRemoteSwiftPackageReference "SwiftyJSON" */ = {
			isa = XCRemoteSwiftPackageReference;
			repositoryURL = "https://github.com/SwiftyJSON/SwiftyJSON.git";
			requirement = {
				kind = upToNextMajorVersion;
				minimumVersion = 5.0.2;
			};
		};
		621251962BC2D0D2002F16E2 /* XCRemoteSwiftPackageReference "SnapKit" */ = {
			isa = XCRemoteSwiftPackageReference;
			repositoryURL = "https://github.com/SnapKit/SnapKit";
			requirement = {
				kind = upToNextMajorVersion;
				minimumVersion = 5.7.1;
			};
		};
		6212519B2BC2D0F0002F16E2 /* XCRemoteSwiftPackageReference "Alamofire" */ = {
			isa = XCRemoteSwiftPackageReference;
			repositoryURL = "https://github.com/Alamofire/Alamofire";
			requirement = {
				kind = upToNextMajorVersion;
				minimumVersion = 5.9.1;
			};
		};
		621251A02BC2D101002F16E2 /* XCRemoteSwiftPackageReference "Kingfisher" */ = {
			isa = XCRemoteSwiftPackageReference;
			repositoryURL = "https://github.com/onevcat/Kingfisher";
			requirement = {
				kind = upToNextMajorVersion;
				minimumVersion = 7.11.0;
			};
		};
		621252612BC4A81E002F16E2 /* XCRemoteSwiftPackageReference "swift-snapshot-testing" */ = {
			isa = XCRemoteSwiftPackageReference;
			repositoryURL = "https://github.com/pointfreeco/swift-snapshot-testing";
			requirement = {
				kind = upToNextMajorVersion;
				minimumVersion = 1.16.0;
			};
		};
/* End XCRemoteSwiftPackageReference section */

/* Begin XCSwiftPackageProductDependency section */
		621251942BC2D0A1002F16E2 /* SwiftyJSON */ = {
			isa = XCSwiftPackageProductDependency;
			package = 621251932BC2D0A1002F16E2 /* XCRemoteSwiftPackageReference "SwiftyJSON" */;
			productName = SwiftyJSON;
		};
		621251972BC2D0D2002F16E2 /* SnapKit */ = {
			isa = XCSwiftPackageProductDependency;
			package = 621251962BC2D0D2002F16E2 /* XCRemoteSwiftPackageReference "SnapKit" */;
			productName = SnapKit;
		};
		621251992BC2D0D2002F16E2 /* SnapKit-Dynamic */ = {
			isa = XCSwiftPackageProductDependency;
			package = 621251962BC2D0D2002F16E2 /* XCRemoteSwiftPackageReference "SnapKit" */;
			productName = "SnapKit-Dynamic";
		};
		6212519C2BC2D0F0002F16E2 /* Alamofire */ = {
			isa = XCSwiftPackageProductDependency;
			package = 6212519B2BC2D0F0002F16E2 /* XCRemoteSwiftPackageReference "Alamofire" */;
			productName = Alamofire;
		};
		6212519E2BC2D0F0002F16E2 /* AlamofireDynamic */ = {
			isa = XCSwiftPackageProductDependency;
			package = 6212519B2BC2D0F0002F16E2 /* XCRemoteSwiftPackageReference "Alamofire" */;
			productName = AlamofireDynamic;
		};
		621251A12BC2D102002F16E2 /* Kingfisher */ = {
			isa = XCSwiftPackageProductDependency;
			package = 621251A02BC2D101002F16E2 /* XCRemoteSwiftPackageReference "Kingfisher" */;
			productName = Kingfisher;
		};
		621252672BC4AE54002F16E2 /* SnapshotTesting */ = {
			isa = XCSwiftPackageProductDependency;
			package = 621252612BC4A81E002F16E2 /* XCRemoteSwiftPackageReference "swift-snapshot-testing" */;
			productName = SnapshotTesting;
		};
/* End XCSwiftPackageProductDependency section */

/* Begin XCVersionGroup section */
		6215BB1F2BC2BCE200D12C25 /* FilmHub_IOS_HW.xcdatamodeld */ = {
			isa = XCVersionGroup;
			children = (
				6215BB202BC2BCE200D12C25 /* FilmHub_IOS_HW.xcdatamodel */,
			);
			currentVersion = 6215BB202BC2BCE200D12C25 /* FilmHub_IOS_HW.xcdatamodel */;
			path = FilmHub_IOS_HW.xcdatamodeld;
			sourceTree = "<group>";
			versionGroupType = wrapper.xcdatamodel;
		};
/* End XCVersionGroup section */
	};
	rootObject = 6215BB0B2BC2BCE200D12C25 /* Project object */;
}
